{
  "nodes": {
    "hix": {
      "inputs": {
        "nixpkgs": "nixpkgs"
      },
      "locked": {
        "lastModified": 1717067905,
        "narHash": "sha256-AkUQHd9pvIeYgZhbLD2ieya25G/x//kXSOFJGU8JknU=",
        "ref": "refs/heads/main",
        "rev": "a6a761e22c3f7ff5e0f1547795dc8fc78ea97f8b",
        "revCount": 750,
        "type": "git",
        "url": "https://git.tryp.io/tek/hix"
      },
      "original": {
        "type": "git",
        "url": "https://git.tryp.io/tek/hix"
      }
    },
    "nixpkgs": {
      "locked": {
        "lastModified": 1713964598,
        "narHash": "sha256-p+CXCrOuWFVBpjaknbpenkxdYt097mOI4VBMqlHv46E=",
        "owner": "nixos",
        "repo": "nixpkgs",
        "rev": "4f6ebb60e63f3ccd1024eb2f31e653d2fe03fa66",
        "type": "github"
      },
      "original": {
        "owner": "nixos",
        "repo": "nixpkgs",
        "rev": "4f6ebb60e63f3ccd1024eb2f31e653d2fe03fa66",
        "type": "github"
      }
    },
    "root": {
      "inputs": {
        "hix": "hix"
      }
    }
  },
  "root": "root",
  "version": 7
}
